// !$*UTF8*$!
{
	archiveVersion = 1;
	classes = {
	};
	objectVersion = 46;
	objects = {

/* Begin PBXBuildFile section */
		270D33D2177E4D1A009A6353 /* Strenuous3D.ttf in Resources */ = {isa = PBXBuildFile; fileRef = 270D33D1177E4D1A009A6353 /* Strenuous3D.ttf */; };
		2715FF90178B52EB00246C7C /* YMImageAttachmentView.m in Sources */ = {isa = PBXBuildFile; fileRef = 2715FF8F178B52EB00246C7C /* YMImageAttachmentView.m */; };
		27B8D067178B4EC9008F0A7E /* UIImage+Yammer.m in Sources */ = {isa = PBXBuildFile; fileRef = 27B8D051178B4EC9008F0A7E /* UIImage+Yammer.m */; };
		27B8D068178B4EC9008F0A7E /* YMHelper.m in Sources */ = {isa = PBXBuildFile; fileRef = 27B8D053178B4EC9008F0A7E /* YMHelper.m */; };
		27B8D069178B4EC9008F0A7E /* YMProperty.m in Sources */ = {isa = PBXBuildFile; fileRef = 27B8D055178B4EC9008F0A7E /* YMProperty.m */; };
		27B8D06A178B4EC9008F0A7E /* YMColorView.m in Sources */ = {isa = PBXBuildFile; fileRef = 27B8D058178B4EC9008F0A7E /* YMColorView.m */; };
		27B8D06B178B4EC9008F0A7E /* YMMenuView.m in Sources */ = {isa = PBXBuildFile; fileRef = 27B8D05A178B4EC9008F0A7E /* YMMenuView.m */; };
		27B8D06C178B4EC9008F0A7E /* YMShapeView.m in Sources */ = {isa = PBXBuildFile; fileRef = 27B8D05C178B4EC9008F0A7E /* YMShapeView.m */; };
		27B8D06D178B4EC9008F0A7E /* YMSketchView.m in Sources */ = {isa = PBXBuildFile; fileRef = 27B8D05E178B4EC9008F0A7E /* YMSketchView.m */; };
		27B8D06E178B4EC9008F0A7E /* YMNetwork.m in Sources */ = {isa = PBXBuildFile; fileRef = 27B8D061178B4EC9008F0A7E /* YMNetwork.m */; };
		27B8D06F178B4EC9008F0A7E /* YMArt.m in Sources */ = {isa = PBXBuildFile; fileRef = 27B8D064178B4EC9008F0A7E /* YMArt.m */; };
		27B8D070178B4EC9008F0A7E /* YMShape.m in Sources */ = {isa = PBXBuildFile; fileRef = 27B8D066178B4EC9008F0A7E /* YMShape.m */; };
		27EBCAF3177A0F5F00785B84 /* UIKit.framework in Frameworks */ = {isa = PBXBuildFile; fileRef = 27EBCAF2177A0F5F00785B84 /* UIKit.framework */; };
		27EBCAF5177A0F5F00785B84 /* Foundation.framework in Frameworks */ = {isa = PBXBuildFile; fileRef = 27EBCAF4177A0F5F00785B84 /* Foundation.framework */; };
		27EBCAF7177A0F5F00785B84 /* CoreGraphics.framework in Frameworks */ = {isa = PBXBuildFile; fileRef = 27EBCAF6177A0F5F00785B84 /* CoreGraphics.framework */; };
		27EBCAFD177A0F5F00785B84 /* InfoPlist.strings in Resources */ = {isa = PBXBuildFile; fileRef = 27EBCAFB177A0F5F00785B84 /* InfoPlist.strings */; };
		27EBCAFF177A0F5F00785B84 /* main.m in Sources */ = {isa = PBXBuildFile; fileRef = 27EBCAFE177A0F5F00785B84 /* main.m */; };
		27EBCB03177A0F5F00785B84 /* YMAppDelegate.m in Sources */ = {isa = PBXBuildFile; fileRef = 27EBCB02177A0F5F00785B84 /* YMAppDelegate.m */; };
		27EBCB05177A0F5F00785B84 /* Default.png in Resources */ = {isa = PBXBuildFile; fileRef = 27EBCB04177A0F5F00785B84 /* Default.png */; };
		27EBCB07177A0F5F00785B84 /* Default@2x.png in Resources */ = {isa = PBXBuildFile; fileRef = 27EBCB06177A0F5F00785B84 /* Default@2x.png */; };
		27EBCB09177A0F5F00785B84 /* Default-568h@2x.png in Resources */ = {isa = PBXBuildFile; fileRef = 27EBCB08177A0F5F00785B84 /* Default-568h@2x.png */; };
		27EBCB12177A0FB200785B84 /* YMSketchViewController.m in Sources */ = {isa = PBXBuildFile; fileRef = 27EBCB10177A0FB200785B84 /* YMSketchViewController.m */; };
		27EBCB13177A0FB200785B84 /* YMSketchViewController-iphone.xib in Resources */ = {isa = PBXBuildFile; fileRef = 27EBCB11177A0FB200785B84 /* YMSketchViewController-iphone.xib */; };
		27EBCB15177A0FD500785B84 /* YMSketchViewController-ipad.xib in Resources */ = {isa = PBXBuildFile; fileRef = 27EBCB14177A0FD500785B84 /* YMSketchViewController-ipad.xib */; };
		27EBCB29177BAD9600785B84 /* QuartzCore.framework in Frameworks */ = {isa = PBXBuildFile; fileRef = 27EBCB28177BAD9600785B84 /* QuartzCore.framework */; };
		5C145DFA1788BBF2006B84A2 /* YMYammerAuthorizationViewController.m in Sources */ = {isa = PBXBuildFile; fileRef = 5C145DF91788BBF2006B84A2 /* YMYammerAuthorizationViewController.m */; };
		5C145E011788C1F4006B84A2 /* YMPostViewController.m in Sources */ = {isa = PBXBuildFile; fileRef = 5C145DFF1788C1F4006B84A2 /* YMPostViewController.m */; };
		5C145E051788E7E8006B84A2 /* YMGroupViewController.m in Sources */ = {isa = PBXBuildFile; fileRef = 5C145E041788E7E8006B84A2 /* YMGroupViewController.m */; };
		5C145E0A17894DC3006B84A2 /* SVProgressHUD.bundle in Resources */ = {isa = PBXBuildFile; fileRef = 5C145E0717894DC3006B84A2 /* SVProgressHUD.bundle */; };
		5C145E0B17894DC3006B84A2 /* SVProgressHUD.m in Sources */ = {isa = PBXBuildFile; fileRef = 5C145E0917894DC3006B84A2 /* SVProgressHUD.m */; };
		5C145E131789544B006B84A2 /* arrowshape@2x.png in Resources */ = {isa = PBXBuildFile; fileRef = 5C145E0C1789544B006B84A2 /* arrowshape@2x.png */; };
		5C145E141789544B006B84A2 /* circleshape@2x.png in Resources */ = {isa = PBXBuildFile; fileRef = 5C145E0D1789544B006B84A2 /* circleshape@2x.png */; };
		5C145E151789544B006B84A2 /* curveshape@2x.png in Resources */ = {isa = PBXBuildFile; fileRef = 5C145E0E1789544B006B84A2 /* curveshape@2x.png */; };
		5C145E161789544B006B84A2 /* lineshape@2x.png in Resources */ = {isa = PBXBuildFile; fileRef = 5C145E0F1789544B006B84A2 /* lineshape@2x.png */; };
		5C145E171789544B006B84A2 /* rectshape@2x.png in Resources */ = {isa = PBXBuildFile; fileRef = 5C145E101789544B006B84A2 /* rectshape@2x.png */; };
		5C145E181789544B006B84A2 /* rrectshape@2x.png in Resources */ = {isa = PBXBuildFile; fileRef = 5C145E111789544B006B84A2 /* rrectshape@2x.png */; };
		5C145E191789544B006B84A2 /* textshape@2x.png in Resources */ = {isa = PBXBuildFile; fileRef = 5C145E121789544B006B84A2 /* textshape@2x.png */; };
		5C145E1B178959EC006B84A2 /* blurshape@2x.png in Resources */ = {isa = PBXBuildFile; fileRef = 5C145E1A178959EC006B84A2 /* blurshape@2x.png */; };
		5C145E1D1789DDA2006B84A2 /* blurshape.png in Resources */ = {isa = PBXBuildFile; fileRef = 5C145E1C1789DDA2006B84A2 /* blurshape.png */; };
		5C145E281789E52A006B84A2 /* undobutton@2x.png in Resources */ = {isa = PBXBuildFile; fileRef = 5C145E1E1789E52A006B84A2 /* undobutton@2x.png */; };
		5C145E291789E52A006B84A2 /* undobutton.png in Resources */ = {isa = PBXBuildFile; fileRef = 5C145E1F1789E52A006B84A2 /* undobutton.png */; };
		5C145E2A1789E52A006B84A2 /* sendbutton.png in Resources */ = {isa = PBXBuildFile; fileRef = 5C145E201789E52A006B84A2 /* sendbutton.png */; };
		5C145E2B1789E52A006B84A2 /* gallerybutton.png in Resources */ = {isa = PBXBuildFile; fileRef = 5C145E211789E52A006B84A2 /* gallerybutton.png */; };
		5C145E2C1789E52A006B84A2 /* deletebutton.png in Resources */ = {isa = PBXBuildFile; fileRef = 5C145E221789E52A006B84A2 /* deletebutton.png */; };
		5C145E2D1789E52A006B84A2 /* addbutton.png in Resources */ = {isa = PBXBuildFile; fileRef = 5C145E231789E52A006B84A2 /* addbutton.png */; };
		5C145E2E1789E52A006B84A2 /* sendbutton@2x.png in Resources */ = {isa = PBXBuildFile; fileRef = 5C145E241789E52A006B84A2 /* sendbutton@2x.png */; };
		5C145E2F1789E52A006B84A2 /* addbutton@2x.png in Resources */ = {isa = PBXBuildFile; fileRef = 5C145E251789E52A006B84A2 /* addbutton@2x.png */; };
		5C145E301789E52A006B84A2 /* deletebutton@2x.png in Resources */ = {isa = PBXBuildFile; fileRef = 5C145E261789E52A006B84A2 /* deletebutton@2x.png */; };
		5C145E311789E52A006B84A2 /* gallerybutton@2x.png in Resources */ = {isa = PBXBuildFile; fileRef = 5C145E271789E52A006B84A2 /* gallerybutton@2x.png */; };
		5C145E341789EC8A006B84A2 /* YMGalleryViewController.m in Sources */ = {isa = PBXBuildFile; fileRef = 5C145E331789EC8A006B84A2 /* YMGalleryViewController.m */; };
		5C145E39178A305E006B84A2 /* Accelerate.framework in Frameworks */ = {isa = PBXBuildFile; fileRef = 5C145E38178A305E006B84A2 /* Accelerate.framework */; };
		5C4D4E6C17864A9F007D132C /* CoreImage.framework in Frameworks */ = {isa = PBXBuildFile; fileRef = 5C4D4E6B17864A9F007D132C /* CoreImage.framework */; };
		5C9ACB2B17852F0900A74C12 /* MessageUI.framework in Frameworks */ = {isa = PBXBuildFile; fileRef = 5C9ACB2A17852F0900A74C12 /* MessageUI.framework */; };
		5C9ACB2D1785357C00A74C12 /* crossbutton.png in Resources */ = {isa = PBXBuildFile; fileRef = 5C9ACB2C1785357C00A74C12 /* crossbutton.png */; };
		5C9ACB2F17853CC500A74C12 /* 1 2.png in Resources */ = {isa = PBXBuildFile; fileRef = 5C9ACB2E17853CC500A74C12 /* 1 2.png */; };
		5C9ACB3117853CE000A74C12 /* 1.png in Resources */ = {isa = PBXBuildFile; fileRef = 5C9ACB3017853CE000A74C12 /* 1.png */; };
		5C9ACB3417853EA900A74C12 /* menuback.png in Resources */ = {isa = PBXBuildFile; fileRef = 5C9ACB3217853EA900A74C12 /* menuback.png */; };
		5C9ACB3517853EA900A74C12 /* menuback@2x.png in Resources */ = {isa = PBXBuildFile; fileRef = 5C9ACB3317853EA900A74C12 /* menuback@2x.png */; };
		5C9ACB40178616B000A74C12 /* rrectshape.png in Resources */ = {isa = PBXBuildFile; fileRef = 5C9ACB39178616B000A74C12 /* rrectshape.png */; };
		5C9ACB41178616B000A74C12 /* circleshape.png in Resources */ = {isa = PBXBuildFile; fileRef = 5C9ACB3A178616B000A74C12 /* circleshape.png */; };
		5C9ACB42178616B000A74C12 /* arrowshape.png in Resources */ = {isa = PBXBuildFile; fileRef = 5C9ACB3B178616B000A74C12 /* arrowshape.png */; };
		5C9ACB43178616B000A74C12 /* rectshape.png in Resources */ = {isa = PBXBuildFile; fileRef = 5C9ACB3C178616B000A74C12 /* rectshape.png */; };
		5C9ACB44178616B000A74C12 /* curveshape.png in Resources */ = {isa = PBXBuildFile; fileRef = 5C9ACB3D178616B000A74C12 /* curveshape.png */; };
		5C9ACB45178616B000A74C12 /* lineshape.png in Resources */ = {isa = PBXBuildFile; fileRef = 5C9ACB3E178616B000A74C12 /* lineshape.png */; };
		5C9ACB46178616B000A74C12 /* textshape.png in Resources */ = {isa = PBXBuildFile; fileRef = 5C9ACB3F178616B000A74C12 /* textshape.png */; };
/* End PBXBuildFile section */

/* Begin PBXFileReference section */
		270D33D1177E4D1A009A6353 /* Strenuous3D.ttf */ = {isa = PBXFileReference; lastKnownFileType = file; path = Strenuous3D.ttf; sourceTree = "<group>"; };
		2715FF8E178B52EB00246C7C /* YMImageAttachmentView.h */ = {isa = PBXFileReference; fileEncoding = 4; lastKnownFileType = sourcecode.c.h; path = YMImageAttachmentView.h; sourceTree = "<group>"; };
		2715FF8F178B52EB00246C7C /* YMImageAttachmentView.m */ = {isa = PBXFileReference; fileEncoding = 4; lastKnownFileType = sourcecode.c.objc; path = YMImageAttachmentView.m; sourceTree = "<group>"; };
		27B8D050178B4EC9008F0A7E /* UIImage+Yammer.h */ = {isa = PBXFileReference; fileEncoding = 4; lastKnownFileType = sourcecode.c.h; path = "UIImage+Yammer.h"; sourceTree = "<group>"; };
		27B8D051178B4EC9008F0A7E /* UIImage+Yammer.m */ = {isa = PBXFileReference; fileEncoding = 4; lastKnownFileType = sourcecode.c.objc; path = "UIImage+Yammer.m"; sourceTree = "<group>"; };
		27B8D052178B4EC9008F0A7E /* YMHelper.h */ = {isa = PBXFileReference; fileEncoding = 4; lastKnownFileType = sourcecode.c.h; path = YMHelper.h; sourceTree = "<group>"; };
		27B8D053178B4EC9008F0A7E /* YMHelper.m */ = {isa = PBXFileReference; fileEncoding = 4; lastKnownFileType = sourcecode.c.objc; path = YMHelper.m; sourceTree = "<group>"; };
		27B8D054178B4EC9008F0A7E /* YMProperty.h */ = {isa = PBXFileReference; fileEncoding = 4; lastKnownFileType = sourcecode.c.h; path = YMProperty.h; sourceTree = "<group>"; };
		27B8D055178B4EC9008F0A7E /* YMProperty.m */ = {isa = PBXFileReference; fileEncoding = 4; lastKnownFileType = sourcecode.c.objc; path = YMProperty.m; sourceTree = "<group>"; };
		27B8D057178B4EC9008F0A7E /* YMColorView.h */ = {isa = PBXFileReference; fileEncoding = 4; lastKnownFileType = sourcecode.c.h; path = YMColorView.h; sourceTree = "<group>"; };
		27B8D058178B4EC9008F0A7E /* YMColorView.m */ = {isa = PBXFileReference; fileEncoding = 4; lastKnownFileType = sourcecode.c.objc; path = YMColorView.m; sourceTree = "<group>"; };
		27B8D059178B4EC9008F0A7E /* YMMenuView.h */ = {isa = PBXFileReference; fileEncoding = 4; lastKnownFileType = sourcecode.c.h; path = YMMenuView.h; sourceTree = "<group>"; };
		27B8D05A178B4EC9008F0A7E /* YMMenuView.m */ = {isa = PBXFileReference; fileEncoding = 4; lastKnownFileType = sourcecode.c.objc; path = YMMenuView.m; sourceTree = "<group>"; };
		27B8D05B178B4EC9008F0A7E /* YMShapeView.h */ = {isa = PBXFileReference; fileEncoding = 4; lastKnownFileType = sourcecode.c.h; path = YMShapeView.h; sourceTree = "<group>"; };
		27B8D05C178B4EC9008F0A7E /* YMShapeView.m */ = {isa = PBXFileReference; fileEncoding = 4; lastKnownFileType = sourcecode.c.objc; path = YMShapeView.m; sourceTree = "<group>"; };
		27B8D05D178B4EC9008F0A7E /* YMSketchView.h */ = {isa = PBXFileReference; fileEncoding = 4; lastKnownFileType = sourcecode.c.h; path = YMSketchView.h; sourceTree = "<group>"; };
		27B8D05E178B4EC9008F0A7E /* YMSketchView.m */ = {isa = PBXFileReference; fileEncoding = 4; lastKnownFileType = sourcecode.c.objc; path = YMSketchView.m; sourceTree = "<group>"; };
		27B8D060178B4EC9008F0A7E /* YMNetwork.h */ = {isa = PBXFileReference; fileEncoding = 4; lastKnownFileType = sourcecode.c.h; path = YMNetwork.h; sourceTree = "<group>"; };
		27B8D061178B4EC9008F0A7E /* YMNetwork.m */ = {isa = PBXFileReference; fileEncoding = 4; lastKnownFileType = sourcecode.c.objc; path = YMNetwork.m; sourceTree = "<group>"; };
		27B8D063178B4EC9008F0A7E /* YMArt.h */ = {isa = PBXFileReference; fileEncoding = 4; lastKnownFileType = sourcecode.c.h; path = YMArt.h; sourceTree = "<group>"; };
		27B8D064178B4EC9008F0A7E /* YMArt.m */ = {isa = PBXFileReference; fileEncoding = 4; lastKnownFileType = sourcecode.c.objc; path = YMArt.m; sourceTree = "<group>"; };
		27B8D065178B4EC9008F0A7E /* YMShape.h */ = {isa = PBXFileReference; fileEncoding = 4; lastKnownFileType = sourcecode.c.h; path = YMShape.h; sourceTree = "<group>"; };
		27B8D066178B4EC9008F0A7E /* YMShape.m */ = {isa = PBXFileReference; fileEncoding = 4; lastKnownFileType = sourcecode.c.objc; path = YMShape.m; sourceTree = "<group>"; };
		27EBCAEF177A0F5F00785B84 /* Skitch.app */ = {isa = PBXFileReference; explicitFileType = wrapper.application; includeInIndex = 0; path = Skitch.app; sourceTree = BUILT_PRODUCTS_DIR; };
		27EBCAF2177A0F5F00785B84 /* UIKit.framework */ = {isa = PBXFileReference; lastKnownFileType = wrapper.framework; name = UIKit.framework; path = System/Library/Frameworks/UIKit.framework; sourceTree = SDKROOT; };
		27EBCAF4177A0F5F00785B84 /* Foundation.framework */ = {isa = PBXFileReference; lastKnownFileType = wrapper.framework; name = Foundation.framework; path = System/Library/Frameworks/Foundation.framework; sourceTree = SDKROOT; };
		27EBCAF6177A0F5F00785B84 /* CoreGraphics.framework */ = {isa = PBXFileReference; lastKnownFileType = wrapper.framework; name = CoreGraphics.framework; path = System/Library/Frameworks/CoreGraphics.framework; sourceTree = SDKROOT; };
		27EBCAFA177A0F5F00785B84 /* Skitch-Info.plist */ = {isa = PBXFileReference; lastKnownFileType = text.plist.xml; path = "Skitch-Info.plist"; sourceTree = "<group>"; };
		27EBCAFC177A0F5F00785B84 /* en */ = {isa = PBXFileReference; lastKnownFileType = text.plist.strings; name = en; path = en.lproj/InfoPlist.strings; sourceTree = "<group>"; };
		27EBCAFE177A0F5F00785B84 /* main.m */ = {isa = PBXFileReference; lastKnownFileType = sourcecode.c.objc; path = main.m; sourceTree = "<group>"; };
		27EBCB00177A0F5F00785B84 /* Skitch-Prefix.pch */ = {isa = PBXFileReference; lastKnownFileType = sourcecode.c.h; path = "Skitch-Prefix.pch"; sourceTree = "<group>"; };
		27EBCB01177A0F5F00785B84 /* YMAppDelegate.h */ = {isa = PBXFileReference; lastKnownFileType = sourcecode.c.h; path = YMAppDelegate.h; sourceTree = "<group>"; };
		27EBCB02177A0F5F00785B84 /* YMAppDelegate.m */ = {isa = PBXFileReference; lastKnownFileType = sourcecode.c.objc; path = YMAppDelegate.m; sourceTree = "<group>"; };
		27EBCB04177A0F5F00785B84 /* Default.png */ = {isa = PBXFileReference; lastKnownFileType = image.png; path = Default.png; sourceTree = "<group>"; };
		27EBCB06177A0F5F00785B84 /* Default@2x.png */ = {isa = PBXFileReference; lastKnownFileType = image.png; path = "Default@2x.png"; sourceTree = "<group>"; };
		27EBCB08177A0F5F00785B84 /* Default-568h@2x.png */ = {isa = PBXFileReference; lastKnownFileType = image.png; path = "Default-568h@2x.png"; sourceTree = "<group>"; };
		27EBCB0F177A0FB200785B84 /* YMSketchViewController.h */ = {isa = PBXFileReference; fileEncoding = 4; lastKnownFileType = sourcecode.c.h; path = YMSketchViewController.h; sourceTree = "<group>"; };
		27EBCB10177A0FB200785B84 /* YMSketchViewController.m */ = {isa = PBXFileReference; fileEncoding = 4; lastKnownFileType = sourcecode.c.objc; path = YMSketchViewController.m; sourceTree = "<group>"; };
		27EBCB11177A0FB200785B84 /* YMSketchViewController-iphone.xib */ = {isa = PBXFileReference; fileEncoding = 4; lastKnownFileType = file.xib; path = "YMSketchViewController-iphone.xib"; sourceTree = "<group>"; };
		27EBCB14177A0FD500785B84 /* YMSketchViewController-ipad.xib */ = {isa = PBXFileReference; fileEncoding = 4; lastKnownFileType = file.xib; path = "YMSketchViewController-ipad.xib"; sourceTree = "<group>"; };
		27EBCB28177BAD9600785B84 /* QuartzCore.framework */ = {isa = PBXFileReference; lastKnownFileType = wrapper.framework; name = QuartzCore.framework; path = System/Library/Frameworks/QuartzCore.framework; sourceTree = SDKROOT; };
		5C145DF81788BBF2006B84A2 /* YMYammerAuthorizationViewController.h */ = {isa = PBXFileReference; fileEncoding = 4; lastKnownFileType = sourcecode.c.h; path = YMYammerAuthorizationViewController.h; sourceTree = "<group>"; };
		5C145DF91788BBF2006B84A2 /* YMYammerAuthorizationViewController.m */ = {isa = PBXFileReference; fileEncoding = 4; lastKnownFileType = sourcecode.c.objc; path = YMYammerAuthorizationViewController.m; sourceTree = "<group>"; };
		5C145DFE1788C1F4006B84A2 /* YMPostViewController.h */ = {isa = PBXFileReference; fileEncoding = 4; lastKnownFileType = sourcecode.c.h; path = YMPostViewController.h; sourceTree = "<group>"; };
		5C145DFF1788C1F4006B84A2 /* YMPostViewController.m */ = {isa = PBXFileReference; fileEncoding = 4; lastKnownFileType = sourcecode.c.objc; path = YMPostViewController.m; sourceTree = "<group>"; };
		5C145E031788E7E8006B84A2 /* YMGroupViewController.h */ = {isa = PBXFileReference; fileEncoding = 4; lastKnownFileType = sourcecode.c.h; path = YMGroupViewController.h; sourceTree = "<group>"; };
		5C145E041788E7E8006B84A2 /* YMGroupViewController.m */ = {isa = PBXFileReference; fileEncoding = 4; lastKnownFileType = sourcecode.c.objc; path = YMGroupViewController.m; sourceTree = "<group>"; };
		5C145E0717894DC3006B84A2 /* SVProgressHUD.bundle */ = {isa = PBXFileReference; lastKnownFileType = "wrapper.plug-in"; path = SVProgressHUD.bundle; sourceTree = "<group>"; };
		5C145E0817894DC3006B84A2 /* SVProgressHUD.h */ = {isa = PBXFileReference; fileEncoding = 4; lastKnownFileType = sourcecode.c.h; path = SVProgressHUD.h; sourceTree = "<group>"; };
		5C145E0917894DC3006B84A2 /* SVProgressHUD.m */ = {isa = PBXFileReference; fileEncoding = 4; lastKnownFileType = sourcecode.c.objc; path = SVProgressHUD.m; sourceTree = "<group>"; };
		5C145E0C1789544B006B84A2 /* arrowshape@2x.png */ = {isa = PBXFileReference; lastKnownFileType = image.png; path = "arrowshape@2x.png"; sourceTree = "<group>"; };
		5C145E0D1789544B006B84A2 /* circleshape@2x.png */ = {isa = PBXFileReference; lastKnownFileType = image.png; path = "circleshape@2x.png"; sourceTree = "<group>"; };
		5C145E0E1789544B006B84A2 /* curveshape@2x.png */ = {isa = PBXFileReference; lastKnownFileType = image.png; path = "curveshape@2x.png"; sourceTree = "<group>"; };
		5C145E0F1789544B006B84A2 /* lineshape@2x.png */ = {isa = PBXFileReference; lastKnownFileType = image.png; path = "lineshape@2x.png"; sourceTree = "<group>"; };
		5C145E101789544B006B84A2 /* rectshape@2x.png */ = {isa = PBXFileReference; lastKnownFileType = image.png; path = "rectshape@2x.png"; sourceTree = "<group>"; };
		5C145E111789544B006B84A2 /* rrectshape@2x.png */ = {isa = PBXFileReference; lastKnownFileType = image.png; path = "rrectshape@2x.png"; sourceTree = "<group>"; };
		5C145E121789544B006B84A2 /* textshape@2x.png */ = {isa = PBXFileReference; lastKnownFileType = image.png; path = "textshape@2x.png"; sourceTree = "<group>"; };
		5C145E1A178959EC006B84A2 /* blurshape@2x.png */ = {isa = PBXFileReference; lastKnownFileType = image.png; path = "blurshape@2x.png"; sourceTree = "<group>"; };
		5C145E1C1789DDA2006B84A2 /* blurshape.png */ = {isa = PBXFileReference; lastKnownFileType = image.png; path = blurshape.png; sourceTree = "<group>"; };
		5C145E1E1789E52A006B84A2 /* undobutton@2x.png */ = {isa = PBXFileReference; lastKnownFileType = image.png; path = "undobutton@2x.png"; sourceTree = "<group>"; };
		5C145E1F1789E52A006B84A2 /* undobutton.png */ = {isa = PBXFileReference; lastKnownFileType = image.png; path = undobutton.png; sourceTree = "<group>"; };
		5C145E201789E52A006B84A2 /* sendbutton.png */ = {isa = PBXFileReference; lastKnownFileType = image.png; path = sendbutton.png; sourceTree = "<group>"; };
		5C145E211789E52A006B84A2 /* gallerybutton.png */ = {isa = PBXFileReference; lastKnownFileType = image.png; path = gallerybutton.png; sourceTree = "<group>"; };
		5C145E221789E52A006B84A2 /* deletebutton.png */ = {isa = PBXFileReference; lastKnownFileType = image.png; path = deletebutton.png; sourceTree = "<group>"; };
		5C145E231789E52A006B84A2 /* addbutton.png */ = {isa = PBXFileReference; lastKnownFileType = image.png; path = addbutton.png; sourceTree = "<group>"; };
		5C145E241789E52A006B84A2 /* sendbutton@2x.png */ = {isa = PBXFileReference; lastKnownFileType = image.png; path = "sendbutton@2x.png"; sourceTree = "<group>"; };
		5C145E251789E52A006B84A2 /* addbutton@2x.png */ = {isa = PBXFileReference; lastKnownFileType = image.png; path = "addbutton@2x.png"; sourceTree = "<group>"; };
		5C145E261789E52A006B84A2 /* deletebutton@2x.png */ = {isa = PBXFileReference; lastKnownFileType = image.png; path = "deletebutton@2x.png"; sourceTree = "<group>"; };
		5C145E271789E52A006B84A2 /* gallerybutton@2x.png */ = {isa = PBXFileReference; lastKnownFileType = image.png; path = "gallerybutton@2x.png"; sourceTree = "<group>"; };
		5C145E321789EC8A006B84A2 /* YMGalleryViewController.h */ = {isa = PBXFileReference; fileEncoding = 4; lastKnownFileType = sourcecode.c.h; path = YMGalleryViewController.h; sourceTree = "<group>"; };
		5C145E331789EC8A006B84A2 /* YMGalleryViewController.m */ = {isa = PBXFileReference; fileEncoding = 4; lastKnownFileType = sourcecode.c.objc; path = YMGalleryViewController.m; sourceTree = "<group>"; };
		5C145E38178A305E006B84A2 /* Accelerate.framework */ = {isa = PBXFileReference; lastKnownFileType = wrapper.framework; name = Accelerate.framework; path = System/Library/Frameworks/Accelerate.framework; sourceTree = SDKROOT; };
		5C4D4E6B17864A9F007D132C /* CoreImage.framework */ = {isa = PBXFileReference; lastKnownFileType = wrapper.framework; name = CoreImage.framework; path = System/Library/Frameworks/CoreImage.framework; sourceTree = SDKROOT; };
		5C9ACB2A17852F0900A74C12 /* MessageUI.framework */ = {isa = PBXFileReference; lastKnownFileType = wrapper.framework; name = MessageUI.framework; path = System/Library/Frameworks/MessageUI.framework; sourceTree = SDKROOT; };
		5C9ACB2C1785357C00A74C12 /* crossbutton.png */ = {isa = PBXFileReference; lastKnownFileType = image.png; path = crossbutton.png; sourceTree = "<group>"; };
		5C9ACB2E17853CC500A74C12 /* 1 2.png */ = {isa = PBXFileReference; lastKnownFileType = image.png; name = "1 2.png"; path = "../../1 2.png"; sourceTree = "<group>"; };
		5C9ACB3017853CE000A74C12 /* 1.png */ = {isa = PBXFileReference; lastKnownFileType = image.png; name = 1.png; path = ../../1.png; sourceTree = "<group>"; };
		5C9ACB3217853EA900A74C12 /* menuback.png */ = {isa = PBXFileReference; lastKnownFileType = image.png; path = menuback.png; sourceTree = "<group>"; };
		5C9ACB3317853EA900A74C12 /* menuback@2x.png */ = {isa = PBXFileReference; lastKnownFileType = image.png; path = "menuback@2x.png"; sourceTree = "<group>"; };
		5C9ACB39178616B000A74C12 /* rrectshape.png */ = {isa = PBXFileReference; lastKnownFileType = image.png; path = rrectshape.png; sourceTree = "<group>"; };
		5C9ACB3A178616B000A74C12 /* circleshape.png */ = {isa = PBXFileReference; lastKnownFileType = image.png; path = circleshape.png; sourceTree = "<group>"; };
		5C9ACB3B178616B000A74C12 /* arrowshape.png */ = {isa = PBXFileReference; lastKnownFileType = image.png; path = arrowshape.png; sourceTree = "<group>"; };
		5C9ACB3C178616B000A74C12 /* rectshape.png */ = {isa = PBXFileReference; lastKnownFileType = image.png; path = rectshape.png; sourceTree = "<group>"; };
		5C9ACB3D178616B000A74C12 /* curveshape.png */ = {isa = PBXFileReference; lastKnownFileType = image.png; path = curveshape.png; sourceTree = "<group>"; };
		5C9ACB3E178616B000A74C12 /* lineshape.png */ = {isa = PBXFileReference; lastKnownFileType = image.png; path = lineshape.png; sourceTree = "<group>"; };
		5C9ACB3F178616B000A74C12 /* textshape.png */ = {isa = PBXFileReference; lastKnownFileType = image.png; path = textshape.png; sourceTree = "<group>"; };
/* End PBXFileReference section */

/* Begin PBXFrameworksBuildPhase section */
		27EBCAEC177A0F5F00785B84 /* Frameworks */ = {
			isa = PBXFrameworksBuildPhase;
			buildActionMask = 2147483647;
			files = (
				5C145E39178A305E006B84A2 /* Accelerate.framework in Frameworks */,
				5C4D4E6C17864A9F007D132C /* CoreImage.framework in Frameworks */,
				5C9ACB2B17852F0900A74C12 /* MessageUI.framework in Frameworks */,
				27EBCB29177BAD9600785B84 /* QuartzCore.framework in Frameworks */,
				27EBCAF3177A0F5F00785B84 /* UIKit.framework in Frameworks */,
				27EBCAF5177A0F5F00785B84 /* Foundation.framework in Frameworks */,
				27EBCAF7177A0F5F00785B84 /* CoreGraphics.framework in Frameworks */,
			);
			runOnlyForDeploymentPostprocessing = 0;
		};
/* End PBXFrameworksBuildPhase section */

/* Begin PBXGroup section */
		27B8D04F178B4EC9008F0A7E /* Helper */ = {
			isa = PBXGroup;
			children = (
				27B8D050178B4EC9008F0A7E /* UIImage+Yammer.h */,
				27B8D051178B4EC9008F0A7E /* UIImage+Yammer.m */,
				27B8D052178B4EC9008F0A7E /* YMHelper.h */,
				27B8D053178B4EC9008F0A7E /* YMHelper.m */,
				27B8D054178B4EC9008F0A7E /* YMProperty.h */,
				27B8D055178B4EC9008F0A7E /* YMProperty.m */,
			);
			path = Helper;
			sourceTree = "<group>";
		};
		27B8D056178B4EC9008F0A7E /* View */ = {
			isa = PBXGroup;
			children = (
				27B8D057178B4EC9008F0A7E /* YMColorView.h */,
				27B8D058178B4EC9008F0A7E /* YMColorView.m */,
				27B8D059178B4EC9008F0A7E /* YMMenuView.h */,
				27B8D05A178B4EC9008F0A7E /* YMMenuView.m */,
				27B8D05B178B4EC9008F0A7E /* YMShapeView.h */,
				27B8D05C178B4EC9008F0A7E /* YMShapeView.m */,
				27B8D05D178B4EC9008F0A7E /* YMSketchView.h */,
				27B8D05E178B4EC9008F0A7E /* YMSketchView.m */,
				2715FF8E178B52EB00246C7C /* YMImageAttachmentView.h */,
				2715FF8F178B52EB00246C7C /* YMImageAttachmentView.m */,
			);
			path = View;
			sourceTree = "<group>";
		};
		27B8D05F178B4EC9008F0A7E /* Network */ = {
			isa = PBXGroup;
			children = (
				27B8D060178B4EC9008F0A7E /* YMNetwork.h */,
				27B8D061178B4EC9008F0A7E /* YMNetwork.m */,
			);
			path = Network;
			sourceTree = "<group>";
		};
		27B8D062178B4EC9008F0A7E /* Model */ = {
			isa = PBXGroup;
			children = (
				27B8D063178B4EC9008F0A7E /* YMArt.h */,
				27B8D064178B4EC9008F0A7E /* YMArt.m */,
				27B8D065178B4EC9008F0A7E /* YMShape.h */,
				27B8D066178B4EC9008F0A7E /* YMShape.m */,
			);
			path = Model;
			sourceTree = "<group>";
		};
		27EBCAE6177A0F5F00785B84 = {
			isa = PBXGroup;
			children = (
				27EBCAF8177A0F5F00785B84 /* Skitch */,
				27EBCAF1177A0F5F00785B84 /* Frameworks */,
				27EBCAF0177A0F5F00785B84 /* Products */,
			);
			sourceTree = "<group>";
		};
		27EBCAF0177A0F5F00785B84 /* Products */ = {
			isa = PBXGroup;
			children = (
				27EBCAEF177A0F5F00785B84 /* Skitch.app */,
			);
			name = Products;
			sourceTree = "<group>";
		};
		27EBCAF1177A0F5F00785B84 /* Frameworks */ = {
			isa = PBXGroup;
			children = (
				5C145E38178A305E006B84A2 /* Accelerate.framework */,
				5C4D4E6B17864A9F007D132C /* CoreImage.framework */,
				5C9ACB2A17852F0900A74C12 /* MessageUI.framework */,
				27EBCB28177BAD9600785B84 /* QuartzCore.framework */,
				27EBCAF2177A0F5F00785B84 /* UIKit.framework */,
				27EBCAF4177A0F5F00785B84 /* Foundation.framework */,
				27EBCAF6177A0F5F00785B84 /* CoreGraphics.framework */,
			);
			name = Frameworks;
			sourceTree = "<group>";
		};
		27EBCAF8177A0F5F00785B84 /* Skitch */ = {
			isa = PBXGroup;
			children = (
				27EBCB01177A0F5F00785B84 /* YMAppDelegate.h */,
				27EBCB02177A0F5F00785B84 /* YMAppDelegate.m */,
				27EBCB0F177A0FB200785B84 /* YMSketchViewController.h */,
				27EBCB10177A0FB200785B84 /* YMSketchViewController.m */,
				27EBCB11177A0FB200785B84 /* YMSketchViewController-iphone.xib */,
				27EBCB14177A0FD500785B84 /* YMSketchViewController-ipad.xib */,
				5C145DF81788BBF2006B84A2 /* YMYammerAuthorizationViewController.h */,
				5C145DF91788BBF2006B84A2 /* YMYammerAuthorizationViewController.m */,
				5C145DFE1788C1F4006B84A2 /* YMPostViewController.h */,
				5C145DFF1788C1F4006B84A2 /* YMPostViewController.m */,
				5C145E031788E7E8006B84A2 /* YMGroupViewController.h */,
				5C145E041788E7E8006B84A2 /* YMGroupViewController.m */,
				5C145E321789EC8A006B84A2 /* YMGalleryViewController.h */,
				5C145E331789EC8A006B84A2 /* YMGalleryViewController.m */,
				27B8D04F178B4EC9008F0A7E /* Helper */,
				27B8D056178B4EC9008F0A7E /* View */,
				27B8D05F178B4EC9008F0A7E /* Network */,
				27B8D062178B4EC9008F0A7E /* Model */,
				5C145E0617894DC3006B84A2 /* SVProgressHUD */,
				5C538F961784D71C0052ABB6 /* images */,
				27EBCAF9177A0F5F00785B84 /* Supporting Files */,
			);
			path = Skitch;
			sourceTree = "<group>";
		};
		27EBCAF9177A0F5F00785B84 /* Supporting Files */ = {
			isa = PBXGroup;
			children = (
				270D33D1177E4D1A009A6353 /* Strenuous3D.ttf */,
				27EBCAFA177A0F5F00785B84 /* Skitch-Info.plist */,
				27EBCAFB177A0F5F00785B84 /* InfoPlist.strings */,
				27EBCAFE177A0F5F00785B84 /* main.m */,
				27EBCB00177A0F5F00785B84 /* Skitch-Prefix.pch */,
				27EBCB04177A0F5F00785B84 /* Default.png */,
				27EBCB06177A0F5F00785B84 /* Default@2x.png */,
				27EBCB08177A0F5F00785B84 /* Default-568h@2x.png */,
			);
			name = "Supporting Files";
			sourceTree = "<group>";
		};
		5C145E0617894DC3006B84A2 /* SVProgressHUD */ = {
			isa = PBXGroup;
			children = (
				5C145E0717894DC3006B84A2 /* SVProgressHUD.bundle */,
				5C145E0817894DC3006B84A2 /* SVProgressHUD.h */,
				5C145E0917894DC3006B84A2 /* SVProgressHUD.m */,
			);
			path = SVProgressHUD;
			sourceTree = "<group>";
		};
		5C538F961784D71C0052ABB6 /* images */ = {
			isa = PBXGroup;
			children = (
				5C9ACB361785409D00A74C12 /* shapebuttons */,
				5C9ACB3217853EA900A74C12 /* menuback.png */,
				5C9ACB3317853EA900A74C12 /* menuback@2x.png */,
				5C9ACB3017853CE000A74C12 /* 1.png */,
				5C9ACB2E17853CC500A74C12 /* 1 2.png */,
				5C9ACB2C1785357C00A74C12 /* crossbutton.png */,
				5C145E1E1789E52A006B84A2 /* undobutton@2x.png */,
				5C145E1F1789E52A006B84A2 /* undobutton.png */,
				5C145E201789E52A006B84A2 /* sendbutton.png */,
				5C145E211789E52A006B84A2 /* gallerybutton.png */,
				5C145E221789E52A006B84A2 /* deletebutton.png */,
				5C145E231789E52A006B84A2 /* addbutton.png */,
				5C145E241789E52A006B84A2 /* sendbutton@2x.png */,
				5C145E251789E52A006B84A2 /* addbutton@2x.png */,
				5C145E261789E52A006B84A2 /* deletebutton@2x.png */,
				5C145E271789E52A006B84A2 /* gallerybutton@2x.png */,
			);
			path = images;
			sourceTree = "<group>";
		};
		5C9ACB361785409D00A74C12 /* shapebuttons */ = {
			isa = PBXGroup;
			children = (
				5C145E1C1789DDA2006B84A2 /* blurshape.png */,
				5C145E1A178959EC006B84A2 /* blurshape@2x.png */,
				5C145E0C1789544B006B84A2 /* arrowshape@2x.png */,
				5C145E0D1789544B006B84A2 /* circleshape@2x.png */,
				5C145E0E1789544B006B84A2 /* curveshape@2x.png */,
				5C145E0F1789544B006B84A2 /* lineshape@2x.png */,
				5C145E101789544B006B84A2 /* rectshape@2x.png */,
				5C145E111789544B006B84A2 /* rrectshape@2x.png */,
				5C145E121789544B006B84A2 /* textshape@2x.png */,
				5C9ACB39178616B000A74C12 /* rrectshape.png */,
				5C9ACB3A178616B000A74C12 /* circleshape.png */,
				5C9ACB3B178616B000A74C12 /* arrowshape.png */,
				5C9ACB3C178616B000A74C12 /* rectshape.png */,
				5C9ACB3D178616B000A74C12 /* curveshape.png */,
				5C9ACB3E178616B000A74C12 /* lineshape.png */,
				5C9ACB3F178616B000A74C12 /* textshape.png */,
			);
			path = shapebuttons;
			sourceTree = "<group>";
		};
/* End PBXGroup section */

/* Begin PBXNativeTarget section */
		27EBCAEE177A0F5F00785B84 /* Skitch */ = {
			isa = PBXNativeTarget;
			buildConfigurationList = 27EBCB0C177A0F5F00785B84 /* Build configuration list for PBXNativeTarget "Skitch" */;
			buildPhases = (
				27EBCAEB177A0F5F00785B84 /* Sources */,
				27EBCAEC177A0F5F00785B84 /* Frameworks */,
				27EBCAED177A0F5F00785B84 /* Resources */,
			);
			buildRules = (
			);
			dependencies = (
			);
			name = Skitch;
			productName = Skitch;
			productReference = 27EBCAEF177A0F5F00785B84 /* Skitch.app */;
			productType = "com.apple.product-type.application";
		};
/* End PBXNativeTarget section */

/* Begin PBXProject section */
		27EBCAE7177A0F5F00785B84 /* Project object */ = {
			isa = PBXProject;
			attributes = {
				CLASSPREFIX = YM;
				LastUpgradeCheck = 0460;
				ORGANIZATIONNAME = "Yammer Inc.";
			};
			buildConfigurationList = 27EBCAEA177A0F5F00785B84 /* Build configuration list for PBXProject "Skitch" */;
			compatibilityVersion = "Xcode 3.2";
			developmentRegion = English;
			hasScannedForEncodings = 0;
			knownRegions = (
				en,
			);
			mainGroup = 27EBCAE6177A0F5F00785B84;
			productRefGroup = 27EBCAF0177A0F5F00785B84 /* Products */;
			projectDirPath = "";
			projectRoot = "";
			targets = (
				27EBCAEE177A0F5F00785B84 /* Skitch */,
			);
		};
/* End PBXProject section */

/* Begin PBXResourcesBuildPhase section */
		27EBCAED177A0F5F00785B84 /* Resources */ = {
			isa = PBXResourcesBuildPhase;
			buildActionMask = 2147483647;
			files = (
				5C145E281789E52A006B84A2 /* undobutton@2x.png in Resources */,
				5C145E0A17894DC3006B84A2 /* SVProgressHUD.bundle in Resources */,
				5C145E2C1789E52A006B84A2 /* deletebutton.png in Resources */,
				27EBCAFD177A0F5F00785B84 /* InfoPlist.strings in Resources */,
				27EBCB05177A0F5F00785B84 /* Default.png in Resources */,
				27EBCB07177A0F5F00785B84 /* Default@2x.png in Resources */,
				27EBCB09177A0F5F00785B84 /* Default-568h@2x.png in Resources */,
				27EBCB13177A0FB200785B84 /* YMSketchViewController-iphone.xib in Resources */,
				5C145E2B1789E52A006B84A2 /* gallerybutton.png in Resources */,
				27EBCB15177A0FD500785B84 /* YMSketchViewController-ipad.xib in Resources */,
				5C145E181789544B006B84A2 /* rrectshape@2x.png in Resources */,
				270D33D2177E4D1A009A6353 /* Strenuous3D.ttf in Resources */,
				5C145E291789E52A006B84A2 /* undobutton.png in Resources */,
				5C9ACB2D1785357C00A74C12 /* crossbutton.png in Resources */,
				5C145E191789544B006B84A2 /* textshape@2x.png in Resources */,
				5C145E1D1789DDA2006B84A2 /* blurshape.png in Resources */,
				5C145E171789544B006B84A2 /* rectshape@2x.png in Resources */,
				5C145E2A1789E52A006B84A2 /* sendbutton.png in Resources */,
				5C9ACB2F17853CC500A74C12 /* 1 2.png in Resources */,
				5C145E2D1789E52A006B84A2 /* addbutton.png in Resources */,
				5C9ACB3117853CE000A74C12 /* 1.png in Resources */,
				5C145E301789E52A006B84A2 /* deletebutton@2x.png in Resources */,
				5C9ACB3417853EA900A74C12 /* menuback.png in Resources */,
				5C145E1B178959EC006B84A2 /* blurshape@2x.png in Resources */,
				5C145E311789E52A006B84A2 /* gallerybutton@2x.png in Resources */,
				5C9ACB3517853EA900A74C12 /* menuback@2x.png in Resources */,
				5C145E2F1789E52A006B84A2 /* addbutton@2x.png in Resources */,
				5C145E2E1789E52A006B84A2 /* sendbutton@2x.png in Resources */,
				5C9ACB40178616B000A74C12 /* rrectshape.png in Resources */,
				5C9ACB41178616B000A74C12 /* circleshape.png in Resources */,
				5C9ACB42178616B000A74C12 /* arrowshape.png in Resources */,
				5C145E151789544B006B84A2 /* curveshape@2x.png in Resources */,
				5C145E141789544B006B84A2 /* circleshape@2x.png in Resources */,
				5C9ACB43178616B000A74C12 /* rectshape.png in Resources */,
				5C145E131789544B006B84A2 /* arrowshape@2x.png in Resources */,
				5C145E161789544B006B84A2 /* lineshape@2x.png in Resources */,
				5C9ACB44178616B000A74C12 /* curveshape.png in Resources */,
				5C9ACB45178616B000A74C12 /* lineshape.png in Resources */,
				5C9ACB46178616B000A74C12 /* textshape.png in Resources */,
			);
			runOnlyForDeploymentPostprocessing = 0;
		};
/* End PBXResourcesBuildPhase section */

/* Begin PBXSourcesBuildPhase section */
		27EBCAEB177A0F5F00785B84 /* Sources */ = {
			isa = PBXSourcesBuildPhase;
			buildActionMask = 2147483647;
			files = (
				27EBCAFF177A0F5F00785B84 /* main.m in Sources */,
				27EBCB03177A0F5F00785B84 /* YMAppDelegate.m in Sources */,
				27EBCB12177A0FB200785B84 /* YMSketchViewController.m in Sources */,
				5C145E341789EC8A006B84A2 /* YMGalleryViewController.m in Sources */,
				5C145E051788E7E8006B84A2 /* YMGroupViewController.m in Sources */,
				5C145E0B17894DC3006B84A2 /* SVProgressHUD.m in Sources */,
				5C145E011788C1F4006B84A2 /* YMPostViewController.m in Sources */,
				5C145DFA1788BBF2006B84A2 /* YMYammerAuthorizationViewController.m in Sources */,
				27B8D067178B4EC9008F0A7E /* UIImage+Yammer.m in Sources */,
				27B8D068178B4EC9008F0A7E /* YMHelper.m in Sources */,
				27B8D069178B4EC9008F0A7E /* YMProperty.m in Sources */,
				27B8D06A178B4EC9008F0A7E /* YMColorView.m in Sources */,
				27B8D06B178B4EC9008F0A7E /* YMMenuView.m in Sources */,
				27B8D06C178B4EC9008F0A7E /* YMShapeView.m in Sources */,
				27B8D06D178B4EC9008F0A7E /* YMSketchView.m in Sources */,
				27B8D06E178B4EC9008F0A7E /* YMNetwork.m in Sources */,
				27B8D06F178B4EC9008F0A7E /* YMArt.m in Sources */,
				27B8D070178B4EC9008F0A7E /* YMShape.m in Sources */,
				2715FF90178B52EB00246C7C /* YMImageAttachmentView.m in Sources */,
			);
			runOnlyForDeploymentPostprocessing = 0;
		};
/* End PBXSourcesBuildPhase section */

/* Begin PBXVariantGroup section */
		27EBCAFB177A0F5F00785B84 /* InfoPlist.strings */ = {
			isa = PBXVariantGroup;
			children = (
				27EBCAFC177A0F5F00785B84 /* en */,
			);
			name = InfoPlist.strings;
			sourceTree = "<group>";
		};
/* End PBXVariantGroup section */

/* Begin XCBuildConfiguration section */
		27EBCB0A177A0F5F00785B84 /* Debug */ = {
			isa = XCBuildConfiguration;
			buildSettings = {
				ALWAYS_SEARCH_USER_PATHS = NO;
				CLANG_CXX_LANGUAGE_STANDARD = "gnu++0x";
				CLANG_CXX_LIBRARY = "libc++";
				CLANG_ENABLE_OBJC_ARC = YES;
				CLANG_WARN_CONSTANT_CONVERSION = YES;
				CLANG_WARN_EMPTY_BODY = YES;
				CLANG_WARN_ENUM_CONVERSION = YES;
				CLANG_WARN_INT_CONVERSION = YES;
				CLANG_WARN__DUPLICATE_METHOD_MATCH = YES;
				CODE_SIGN_IDENTITY = "iPhone Developer: Sumit Kumar (8MXWDL8THR)";
				"CODE_SIGN_IDENTITY[sdk=iphoneos*]" = "iPhone Developer: Sumit Kumar (78U487DE7J)";
				COPY_PHASE_STRIP = NO;
				GCC_C_LANGUAGE_STANDARD = gnu99;
				GCC_DYNAMIC_NO_PIC = NO;
				GCC_OPTIMIZATION_LEVEL = 0;
				GCC_PREPROCESSOR_DEFINITIONS = (
					"DEBUG=1",
					"$(inherited)",
				);
				GCC_SYMBOLS_PRIVATE_EXTERN = NO;
				GCC_WARN_ABOUT_RETURN_TYPE = YES;
				GCC_WARN_UNINITIALIZED_AUTOS = YES;
				GCC_WARN_UNUSED_VARIABLE = YES;
				IPHONEOS_DEPLOYMENT_TARGET = 6.1;
				ONLY_ACTIVE_ARCH = YES;
				SDKROOT = iphoneos;
				TARGETED_DEVICE_FAMILY = "1,2";
			};
			name = Debug;
		};
		27EBCB0B177A0F5F00785B84 /* Release */ = {
			isa = XCBuildConfiguration;
			buildSettings = {
				ALWAYS_SEARCH_USER_PATHS = NO;
				CLANG_CXX_LANGUAGE_STANDARD = "gnu++0x";
				CLANG_CXX_LIBRARY = "libc++";
				CLANG_ENABLE_OBJC_ARC = YES;
				CLANG_WARN_CONSTANT_CONVERSION = YES;
				CLANG_WARN_EMPTY_BODY = YES;
				CLANG_WARN_ENUM_CONVERSION = YES;
				CLANG_WARN_INT_CONVERSION = YES;
				CLANG_WARN__DUPLICATE_METHOD_MATCH = YES;
				CODE_SIGN_IDENTITY = "iPhone Developer: Sumit Kumar (78U487DE7J)";
				"CODE_SIGN_IDENTITY[sdk=iphoneos*]" = "iPhone Developer";
				COPY_PHASE_STRIP = YES;
				GCC_C_LANGUAGE_STANDARD = gnu99;
				GCC_WARN_ABOUT_RETURN_TYPE = YES;
				GCC_WARN_UNINITIALIZED_AUTOS = YES;
				GCC_WARN_UNUSED_VARIABLE = YES;
				IPHONEOS_DEPLOYMENT_TARGET = 6.1;
				OTHER_CFLAGS = "-DNS_BLOCK_ASSERTIONS=1";
				SDKROOT = iphoneos;
				TARGETED_DEVICE_FAMILY = "1,2";
				VALIDATE_PRODUCT = YES;
			};
			name = Release;
		};
		27EBCB0D177A0F5F00785B84 /* Debug */ = {
			isa = XCBuildConfiguration;
			buildSettings = {
				CODE_SIGN_IDENTITY = "iPhone Developer: Sumit Kumar (78U487DE7J)";
				GCC_PRECOMPILE_PREFIX_HEADER = YES;
				GCC_PREFIX_HEADER = "Skitch/Skitch-Prefix.pch";
				INFOPLIST_FILE = "Skitch/Skitch-Info.plist";
				PRODUCT_NAME = "$(TARGET_NAME)";
				PROVISIONING_PROFILE = "7E311307-EF64-4A85-8F4D-6DEA3B1D1433";
				WRAPPER_EXTENSION = app;
			};
			name = Debug;
		};
		27EBCB0E177A0F5F00785B84 /* Release */ = {
			isa = XCBuildConfiguration;
			buildSettings = {
				CODE_SIGN_IDENTITY = "iPhone Developer: Sumit Kumar (78U487DE7J)";
				GCC_PRECOMPILE_PREFIX_HEADER = YES;
				GCC_PREFIX_HEADER = "Skitch/Skitch-Prefix.pch";
				INFOPLIST_FILE = "Skitch/Skitch-Info.plist";
				PRODUCT_NAME = "$(TARGET_NAME)";
				PROVISIONING_PROFILE = "7E311307-EF64-4A85-8F4D-6DEA3B1D1433";
				WRAPPER_EXTENSION = app;
			};
			name = Release;
		};
/* End XCBuildConfiguration section */

/* Begin XCConfigurationList section */
		27EBCAEA177A0F5F00785B84 /* Build configuration list for PBXProject "Skitch" */ = {
			isa = XCConfigurationList;
			buildConfigurations = (
				27EBCB0A177A0F5F00785B84 /* Debug */,
				27EBCB0B177A0F5F00785B84 /* Release */,
			);
			defaultConfigurationIsVisible = 0;
			defaultConfigurationName = Release;
		};
		27EBCB0C177A0F5F00785B84 /* Build configuration list for PBXNativeTarget "Skitch" */ = {
			isa = XCConfigurationList;
			buildConfigurations = (
				27EBCB0D177A0F5F00785B84 /* Debug */,
				27EBCB0E177A0F5F00785B84 /* Release */,
			);
			defaultConfigurationIsVisible = 0;
			defaultConfigurationName = Release;
		};
/* End XCConfigurationList section */
	};
	rootObject = 27EBCAE7177A0F5F00785B84 /* Project object */;
}
